
Microsoft Visual Studio Solution File, Format Version 12.00
# Visual Studio Version 16
VisualStudioVersion = 16.0.31515.178
MinimumVisualStudioVersion = 10.0.40219.1
Project("{FAE04EC0-301F-11D3-BF4B-00C04F79EFBC}") = "HomeWork03", "HomeWork03\HomeWork03.csproj", "{D57B8458-03C5-4226-89C1-18ACCCC43DEF}"
EndProject
Global
	GlobalSection(SolutionConfigurationPlatforms) = preSolution
		Debug|Any CPU = Debug|Any CPU
		Release|Any CPU = Release|Any CPU
	EndGlobalSection
	GlobalSection(ProjectConfigurationPlatforms) = postSolution
		{D57B8458-03C5-4226-89C1-18ACCCC43DEF}.Debug|Any CPU.ActiveCfg = Debug|Any CPU
		{D57B8458-03C5-4226-89C1-18ACCCC43DEF}.Debug|Any CPU.Build.0 = Debug|Any CPU
		{D57B8458-03C5-4226-89C1-18ACCCC43DEF}.Release|Any CPU.ActiveCfg = Release|Any CPU
		{D57B8458-03C5-4226-89C1-18ACCCC43DEF}.Release|Any CPU.Build.0 = Release|Any CPU
	EndGlobalSection
	GlobalSection(SolutionProperties) = preSolution
		HideSolutionNode = FALSE
	EndGlobalSection
	GlobalSection(ExtensibilityGlobals) = postSolution
		SolutionGuid = {7B20C1D4-DE35-4008-8225-886039427FB6}
	EndGlobalSection
EndGlobal
